
Microsoft Visual Studio Solution File, Format Version 9.00
# Visual Studio 2005
Project("{FAE04EC0-301F-11D3-BF4B-00C04F79EFBC}") = "g", "g\g.csproj", "{7648D0B2-C7A1-470B-882B-0985DBF22AB3}"
	ProjectSection(WebsiteProperties) = preProject
		Debug.AspNetCompiler.Debug = "True"
		Release.AspNetCompiler.Debug = "False"
	EndProjectSection
EndProject
Project("{2150E333-8FDC-42A3-9474-1A3956D46DE8}") = "libs", "libs", "{8BA4EF37-B60D-4740-A102-1A408506521E}"
	ProjectSection(WebsiteProperties) = preProject
		Debug.AspNetCompiler.Debug = "True"
		Release.AspNetCompiler.Debug = "False"
	EndProjectSection
	ProjectSection(SolutionItems) = preProject
		libs\BluetoothLibNet.dll = libs\BluetoothLibNet.dll
		libs\OBReadLibNet.dll = libs\OBReadLibNet.dll
		libs\Oracle.DataAccess.Lite_w32.dll = libs\Oracle.DataAccess.Lite_w32.dll
		libs\Oracle.DataAccess.Lite_wce.dll = libs\Oracle.DataAccess.Lite_wce.dll
		libs\SystemLibnet.dll = libs\SystemLibnet.dll
	EndProjectSection
EndProject
Project("{FAE04EC0-301F-11D3-BF4B-00C04F79EFBC}") = "km.hl", "km.hl\km.hl.csproj", "{5E535048-C479-466A-89A7-B3CBBB846AB5}"
	ProjectSection(WebsiteProperties) = preProject
		Debug.AspNetCompiler.Debug = "True"
		Release.AspNetCompiler.Debug = "False"
	EndProjectSection
EndProject
Project("{FAE04EC0-301F-11D3-BF4B-00C04F79EFBC}") = "km.hard", "km.hard\km.hard.csproj", "{B458B90D-7AE1-4968-88E0-F57D09C137C1}"
	ProjectSection(WebsiteProperties) = preProject
		Debug.AspNetCompiler.Debug = "True"
		Release.AspNetCompiler.Debug = "False"
	EndProjectSection
EndProject
Project("{FAE04EC0-301F-11D3-BF4B-00C04F79EFBC}") = "oracew32", "oracew32\oracew32.csproj", "{095A712F-2110-4E8D-8D32-150DB8B96385}"
	ProjectSection(WebsiteProperties) = preProject
		Debug.AspNetCompiler.Debug = "True"
		Release.AspNetCompiler.Debug = "False"
	EndProjectSection
EndProject
Project("{FAE04EC0-301F-11D3-BF4B-00C04F79EFBC}") = "test", "test\test.csproj", "{46F079FA-E3F7-45DB-8667-48E0BF4DF456}"
	ProjectSection(WebsiteProperties) = preProject
		Debug.AspNetCompiler.Debug = "True"
		Release.AspNetCompiler.Debug = "False"
	EndProjectSection
EndProject
Project("{B900F1C2-3D47-4FEC-85B3-04AAF18C3634}") = "km.hl.deploy", "km.hl.deploy\km.hl.deploy.vddproj", "{085A25AC-5BCE-4B16-A634-3DF89817401C}"
	ProjectSection(WebsiteProperties) = preProject
		Debug.AspNetCompiler.Debug = "True"
		Release.AspNetCompiler.Debug = "False"
	EndProjectSection
EndProject
Project("{2150E333-8FDC-42A3-9474-1A3956D46DE8}") = "archs", "archs", "{D7437493-C14F-4F1F-BE18-7889E67DD32E}"
	ProjectSection(WebsiteProperties) = preProject
		Debug.AspNetCompiler.Debug = "True"
		Release.AspNetCompiler.Debug = "False"
	EndProjectSection
EndProject
Project("{2150E333-8FDC-42A3-9474-1A3956D46DE8}") = "wince", "wince", "{82DC7307-2764-417D-BDB3-DB0BBB881B6E}"
	ProjectSection(WebsiteProperties) = preProject
		Debug.AspNetCompiler.Debug = "True"
		Release.AspNetCompiler.Debug = "False"
	EndProjectSection
	ProjectSection(SolutionItems) = preProject
		oraLite\wince\web.xml = oraLite\wince\web.xml
	EndProjectSection
EndProject
Project("{2150E333-8FDC-42A3-9474-1A3956D46DE8}") = "win32", "win32", "{12E2AA7C-52D7-45FC-89B5-DDCD9D81C94C}"
	ProjectSection(WebsiteProperties) = preProject
		Debug.AspNetCompiler.Debug = "True"
		Release.AspNetCompiler.Debug = "False"
	EndProjectSection
	ProjectSection(SolutionItems) = preProject
		oraLite\win32\web.xml = oraLite\win32\web.xml
	EndProjectSection
EndProject
Global
	GlobalSection(SolutionConfigurationPlatforms) = preSolution
		Debug|Any CPU = Debug|Any CPU
		Release|Any CPU = Release|Any CPU
	EndGlobalSection
	GlobalSection(ProjectConfigurationPlatforms) = postSolution
		{7648D0B2-C7A1-470B-882B-0985DBF22AB3}.Debug|Any CPU.ActiveCfg = Debug|Any CPU
		{7648D0B2-C7A1-470B-882B-0985DBF22AB3}.Debug|Any CPU.Build.0 = Debug|Any CPU
		{7648D0B2-C7A1-470B-882B-0985DBF22AB3}.Release|Any CPU.ActiveCfg = Release|Any CPU
		{7648D0B2-C7A1-470B-882B-0985DBF22AB3}.Release|Any CPU.Build.0 = Release|Any CPU
		{5E535048-C479-466A-89A7-B3CBBB846AB5}.Debug|Any CPU.ActiveCfg = Debug|Any CPU
		{5E535048-C479-466A-89A7-B3CBBB846AB5}.Debug|Any CPU.Build.0 = Debug|Any CPU
		{5E535048-C479-466A-89A7-B3CBBB846AB5}.Debug|Any CPU.Deploy.0 = Debug|Any CPU
		{5E535048-C479-466A-89A7-B3CBBB846AB5}.Release|Any CPU.ActiveCfg = Release|Any CPU
		{5E535048-C479-466A-89A7-B3CBBB846AB5}.Release|Any CPU.Build.0 = Release|Any CPU
		{5E535048-C479-466A-89A7-B3CBBB846AB5}.Release|Any CPU.Deploy.0 = Release|Any CPU
		{B458B90D-7AE1-4968-88E0-F57D09C137C1}.Debug|Any CPU.ActiveCfg = Debug|Any CPU
		{B458B90D-7AE1-4968-88E0-F57D09C137C1}.Debug|Any CPU.Build.0 = Debug|Any CPU
		{B458B90D-7AE1-4968-88E0-F57D09C137C1}.Release|Any CPU.ActiveCfg = Release|Any CPU
		{B458B90D-7AE1-4968-88E0-F57D09C137C1}.Release|Any CPU.Build.0 = Release|Any CPU
		{095A712F-2110-4E8D-8D32-150DB8B96385}.Debug|Any CPU.ActiveCfg = Debug|Any CPU
		{095A712F-2110-4E8D-8D32-150DB8B96385}.Debug|Any CPU.Build.0 = Debug|Any CPU
		{095A712F-2110-4E8D-8D32-150DB8B96385}.Release|Any CPU.ActiveCfg = Release|Any CPU
		{095A712F-2110-4E8D-8D32-150DB8B96385}.Release|Any CPU.Build.0 = Release|Any CPU
		{46F079FA-E3F7-45DB-8667-48E0BF4DF456}.Debug|Any CPU.ActiveCfg = Debug|Any CPU
		{46F079FA-E3F7-45DB-8667-48E0BF4DF456}.Debug|Any CPU.Build.0 = Debug|Any CPU
		{46F079FA-E3F7-45DB-8667-48E0BF4DF456}.Debug|Any CPU.Deploy.0 = Debug|Any CPU
		{46F079FA-E3F7-45DB-8667-48E0BF4DF456}.Release|Any CPU.ActiveCfg = Release|Any CPU
		{46F079FA-E3F7-45DB-8667-48E0BF4DF456}.Release|Any CPU.Build.0 = Release|Any CPU
		{46F079FA-E3F7-45DB-8667-48E0BF4DF456}.Release|Any CPU.Deploy.0 = Release|Any CPU
		{085A25AC-5BCE-4B16-A634-3DF89817401C}.Debug|Any CPU.ActiveCfg = Debug
		{085A25AC-5BCE-4B16-A634-3DF89817401C}.Release|Any CPU.ActiveCfg = Release
	EndGlobalSection
	GlobalSection(SolutionProperties) = preSolution
		HideSolutionNode = FALSE
	EndGlobalSection
	GlobalSection(NestedProjects) = preSolution
		{82DC7307-2764-417D-BDB3-DB0BBB881B6E} = {D7437493-C14F-4F1F-BE18-7889E67DD32E}
		{12E2AA7C-52D7-45FC-89B5-DDCD9D81C94C} = {D7437493-C14F-4F1F-BE18-7889E67DD32E}
	EndGlobalSection
EndGlobal
